
Microsoft Visual Studio Solution File, Format Version 12.00
# Visual Studio Version 17
VisualStudioVersion = 17.3.32901.215
MinimumVisualStudioVersion = 10.0.40219.1
Project("{FAE04EC0-301F-11D3-BF4B-00C04F79EFBC}") = "HelloWorld", "HelloWorld\HelloWorld.csproj", "{96956C19-E865-4585-A9F6-5D0952634787}"
EndProject
Project("{C7167F0D-BC9F-4E6E-AFE1-012C56B48DB5}") = "HelloWorldPackage", "HelloWorldPackage\HelloWorldPackage.wapproj", "{5CCA0B3B-304A-44D6-B161-25F05527C447}"
EndProject
Project("{FAE04EC0-301F-11D3-BF4B-00C04F79EFBC}") = "HelloWorldCore", "HelloWorldCore\HelloWorldCore.csproj", "{CE5BF278-B8C8-4E84-80D2-DF779CB4757D}"
EndProject
Global
	GlobalSection(SolutionConfigurationPlatforms) = preSolution
		Debug|Any CPU = Debug|Any CPU
		Debug|ARM = Debug|ARM
		Debug|ARM64 = Debug|ARM64
		Debug|x64 = Debug|x64
		Debug|x86 = Debug|x86
		Release|Any CPU = Release|Any CPU
		Release|ARM = Release|ARM
		Release|ARM64 = Release|ARM64
		Release|x64 = Release|x64
		Release|x86 = Release|x86
	EndGlobalSection
	GlobalSection(ProjectConfigurationPlatforms) = postSolution
		{96956C19-E865-4585-A9F6-5D0952634787}.Debug|Any CPU.ActiveCfg = Debug|x64
		{96956C19-E865-4585-A9F6-5D0952634787}.Debug|Any CPU.Build.0 = Debug|x64
		{96956C19-E865-4585-A9F6-5D0952634787}.Debug|Any CPU.Deploy.0 = Debug|x64
		{96956C19-E865-4585-A9F6-5D0952634787}.Debug|ARM.ActiveCfg = Debug|ARM
		{96956C19-E865-4585-A9F6-5D0952634787}.Debug|ARM.Build.0 = Debug|ARM
		{96956C19-E865-4585-A9F6-5D0952634787}.Debug|ARM.Deploy.0 = Debug|ARM
		{96956C19-E865-4585-A9F6-5D0952634787}.Debug|ARM64.ActiveCfg = Debug|ARM64
		{96956C19-E865-4585-A9F6-5D0952634787}.Debug|ARM64.Build.0 = Debug|ARM64
		{96956C19-E865-4585-A9F6-5D0952634787}.Debug|ARM64.Deploy.0 = Debug|ARM64
		{96956C19-E865-4585-A9F6-5D0952634787}.Debug|x64.ActiveCfg = Debug|x64
		{96956C19-E865-4585-A9F6-5D0952634787}.Debug|x64.Build.0 = Debug|x64
		{96956C19-E865-4585-A9F6-5D0952634787}.Debug|x64.Deploy.0 = Debug|x64
		{96956C19-E865-4585-A9F6-5D0952634787}.Debug|x86.ActiveCfg = Debug|x86
		{96956C19-E865-4585-A9F6-5D0952634787}.Debug|x86.Build.0 = Debug|x86
		{96956C19-E865-4585-A9F6-5D0952634787}.Debug|x86.Deploy.0 = Debug|x86
		{96956C19-E865-4585-A9F6-5D0952634787}.Release|Any CPU.ActiveCfg = Release|x64
		{96956C19-E865-4585-A9F6-5D0952634787}.Release|Any CPU.Build.0 = Release|x64
		{96956C19-E865-4585-A9F6-5D0952634787}.Release|Any CPU.Deploy.0 = Release|x64
		{96956C19-E865-4585-A9F6-5D0952634787}.Release|ARM.ActiveCfg = Release|ARM
		{96956C19-E865-4585-A9F6-5D0952634787}.Release|ARM.Build.0 = Release|ARM
		{96956C19-E865-4585-A9F6-5D0952634787}.Release|ARM.Deploy.0 = Release|ARM
		{96956C19-E865-4585-A9F6-5D0952634787}.Release|ARM64.ActiveCfg = Release|ARM64
		{96956C19-E865-4585-A9F6-5D0952634787}.Release|ARM64.Build.0 = Release|ARM64
		{96956C19-E865-4585-A9F6-5D0952634787}.Release|ARM64.Deploy.0 = Release|ARM64
		{96956C19-E865-4585-A9F6-5D0952634787}.Release|x64.ActiveCfg = Release|x64
		{96956C19-E865-4585-A9F6-5D0952634787}.Release|x64.Build.0 = Release|x64
		{96956C19-E865-4585-A9F6-5D0952634787}.Release|x64.Deploy.0 = Release|x64
		{96956C19-E865-4585-A9F6-5D0952634787}.Release|x86.ActiveCfg = Release|x86
		{96956C19-E865-4585-A9F6-5D0952634787}.Release|x86.Build.0 = Release|x86
		{96956C19-E865-4585-A9F6-5D0952634787}.Release|x86.Deploy.0 = Release|x86
		{5CCA0B3B-304A-44D6-B161-25F05527C447}.Debug|Any CPU.ActiveCfg = Debug|Any CPU
		{5CCA0B3B-304A-44D6-B161-25F05527C447}.Debug|Any CPU.Build.0 = Debug|Any CPU
		{5CCA0B3B-304A-44D6-B161-25F05527C447}.Debug|Any CPU.Deploy.0 = Debug|Any CPU
		{5CCA0B3B-304A-44D6-B161-25F05527C447}.Debug|ARM.ActiveCfg = Debug|ARM
		{5CCA0B3B-304A-44D6-B161-25F05527C447}.Debug|ARM.Build.0 = Debug|ARM
		{5CCA0B3B-304A-44D6-B161-25F05527C447}.Debug|ARM.Deploy.0 = Debug|ARM
		{5CCA0B3B-304A-44D6-B161-25F05527C447}.Debug|ARM64.ActiveCfg = Debug|ARM64
		{5CCA0B3B-304A-44D6-B161-25F05527C447}.Debug|ARM64.Build.0 = Debug|ARM64
		{5CCA0B3B-304A-44D6-B161-25F05527C447}.Debug|ARM64.Deploy.0 = Debug|ARM64
		{5CCA0B3B-304A-44D6-B161-25F05527C447}.Debug|x64.ActiveCfg = Debug|x64
		{5CCA0B3B-304A-44D6-B161-25F05527C447}.Debug|x64.Build.0 = Debug|x64
		{5CCA0B3B-304A-44D6-B161-25F05527C447}.Debug|x64.Deploy.0 = Debug|x64
		{5CCA0B3B-304A-44D6-B161-25F05527C447}.Debug|x86.ActiveCfg = Debug|x86
		{5CCA0B3B-304A-44D6-B161-25F05527C447}.Debug|x86.Build.0 = Debug|x86
		{5CCA0B3B-304A-44D6-B161-25F05527C447}.Debug|x86.Deploy.0 = Debug|x86
		{5CCA0B3B-304A-44D6-B161-25F05527C447}.Release|Any CPU.ActiveCfg = Release|Any CPU
		{5CCA0B3B-304A-44D6-B161-25F05527C447}.Release|Any CPU.Build.0 = Release|Any CPU
		{5CCA0B3B-304A-44D6-B161-25F05527C447}.Release|Any CPU.Deploy.0 = Release|Any CPU
		{5CCA0B3B-304A-44D6-B161-25F05527C447}.Release|ARM.ActiveCfg = Release|ARM
		{5CCA0B3B-304A-44D6-B161-25F05527C447}.Release|ARM.Build.0 = Release|ARM
		{5CCA0B3B-304A-44D6-B161-25F05527C447}.Release|ARM.Deploy.0 = Release|ARM
		{5CCA0B3B-304A-44D6-B161-25F05527C447}.Release|ARM64.ActiveCfg = Release|ARM64
		{5CCA0B3B-304A-44D6-B161-25F05527C447}.Release|ARM64.Build.0 = Release|ARM64
		{5CCA0B3B-304A-44D6-B161-25F05527C447}.Release|ARM64.Deploy.0 = Release|ARM64
		{5CCA0B3B-304A-44D6-B161-25F05527C447}.Release|x64.ActiveCfg = Release|x64
		{5CCA0B3B-304A-44D6-B161-25F05527C447}.Release|x64.Build.0 = Release|x64
		{5CCA0B3B-304A-44D6-B161-25F05527C447}.Release|x64.Deploy.0 = Release|x64
		{5CCA0B3B-304A-44D6-B161-25F05527C447}.Release|x86.ActiveCfg = Release|x86
		{5CCA0B3B-304A-44D6-B161-25F05527C447}.Release|x86.Build.0 = Release|x86
		{5CCA0B3B-304A-44D6-B161-25F05527C447}.Release|x86.Deploy.0 = Release|x86
		{CE5BF278-B8C8-4E84-80D2-DF779CB4757D}.Debug|Any CPU.ActiveCfg = Debug|Any CPU
		{CE5BF278-B8C8-4E84-80D2-DF779CB4757D}.Debug|Any CPU.Build.0 = Debug|Any CPU
		{CE5BF278-B8C8-4E84-80D2-DF779CB4757D}.Debug|ARM.ActiveCfg = Debug|Any CPU
		{CE5BF278-B8C8-4E84-80D2-DF779CB4757D}.Debug|ARM.Build.0 = Debug|Any CPU
		{CE5BF278-B8C8-4E84-80D2-DF779CB4757D}.Debug|ARM64.ActiveCfg = Debug|Any CPU
		{CE5BF278-B8C8-4E84-80D2-DF779CB4757D}.Debug|ARM64.Build.0 = Debug|Any CPU
		{CE5BF278-B8C8-4E84-80D2-DF779CB4757D}.Debug|x64.ActiveCfg = Debug|Any CPU
		{CE5BF278-B8C8-4E84-80D2-DF779CB4757D}.Debug|x64.Build.0 = Debug|Any CPU
		{CE5BF278-B8C8-4E84-80D2-DF779CB4757D}.Debug|x86.ActiveCfg = Debug|Any CPU
		{CE5BF278-B8C8-4E84-80D2-DF779CB4757D}.Debug|x86.Build.0 = Debug|Any CPU
		{CE5BF278-B8C8-4E84-80D2-DF779CB4757D}.Release|Any CPU.ActiveCfg = Release|Any CPU
		{CE5BF278-B8C8-4E84-80D2-DF779CB4757D}.Release|Any CPU.Build.0 = Release|Any CPU
		{CE5BF278-B8C8-4E84-80D2-DF779CB4757D}.Release|ARM.ActiveCfg = Release|Any CPU
		{CE5BF278-B8C8-4E84-80D2-DF779CB4757D}.Release|ARM.Build.0 = Release|Any CPU
		{CE5BF278-B8C8-4E84-80D2-DF779CB4757D}.Release|ARM64.ActiveCfg = Release|Any CPU
		{CE5BF278-B8C8-4E84-80D2-DF779CB4757D}.Release|ARM64.Build.0 = Release|Any CPU
		{CE5BF278-B8C8-4E84-80D2-DF779CB4757D}.Release|x64.ActiveCfg = Release|Any CPU
		{CE5BF278-B8C8-4E84-80D2-DF779CB4757D}.Release|x64.Build.0 = Release|Any CPU
		{CE5BF278-B8C8-4E84-80D2-DF779CB4757D}.Release|x86.ActiveCfg = Release|Any CPU
		{CE5BF278-B8C8-4E84-80D2-DF779CB4757D}.Release|x86.Build.0 = Release|Any CPU
	EndGlobalSection
	GlobalSection(SolutionProperties) = preSolution
		HideSolutionNode = FALSE
	EndGlobalSection
	GlobalSection(ExtensibilityGlobals) = postSolution
		SolutionGuid = {DC12CF70-C460-49A7-9642-C7E117AAD127}
	EndGlobalSection
EndGlobal
